dependencies:
- name: redis
  repository: oci://ghcr.io/general-intelligence-systems/bitnami-charts
  version: 22.0.4
- name: common
  repository: oci://ghcr.io/general-intelligence-systems/bitnami-charts
  version: 2.31.4
digest: sha256:ad21eaec601d7aaa53e8f064beedd6f5370e561e78684460b8c81ae2d76248fb
generated: "2025-08-19T07:56:23.59371448Z"
