dependencies:
- name: postgresql
  repository: oci://ghcr.io/general-intelligence-systems/bitnami-charts
  version: 16.7.26
- name: common
  repository: oci://ghcr.io/general-intelligence-systems/bitnami-charts
  version: 2.31.4
digest: sha256:d92824e04bd8b3d71ee395ef556c8476badbf15ee7fca655e503933dc90df3eb
generated: "2025-08-26T01:23:51.425557954Z"
